
Microsoft Visual Studio Solution File, Format Version 12.00
# Visual Studio Version 16
VisualStudioVersion = 16.0.31829.152
MinimumVisualStudioVersion = 10.0.40219.1
Project("{9A19103F-16F7-4668-BE54-9A1E7A4F7556}") = "BadmintonApp", "BadmintonApp\BadmintonApp.csproj", "{BA7E6D52-35DE-46A6-8116-63F3CA058CC6}"
EndProject
Project("{54435603-DBB4-11D2-8724-00A0C9A8B90C}") = "Badminton App", "Badminton App\Badminton App.vdproj", "{F4179CA1-BC21-4994-A870-628CAC1118F2}"
EndProject
Global
	GlobalSection(SolutionConfigurationPlatforms) = preSolution
		Debug|Any CPU = Debug|Any CPU
		Release|Any CPU = Release|Any CPU
	EndGlobalSection
	GlobalSection(ProjectConfigurationPlatforms) = postSolution
		{BA7E6D52-35DE-46A6-8116-63F3CA058CC6}.Debug|Any CPU.ActiveCfg = Debug|Any CPU
		{BA7E6D52-35DE-46A6-8116-63F3CA058CC6}.Debug|Any CPU.Build.0 = Debug|Any CPU
		{BA7E6D52-35DE-46A6-8116-63F3CA058CC6}.Release|Any CPU.ActiveCfg = Release|Any CPU
		{BA7E6D52-35DE-46A6-8116-63F3CA058CC6}.Release|Any CPU.Build.0 = Release|Any CPU
		{F4179CA1-BC21-4994-A870-628CAC1118F2}.Debug|Any CPU.ActiveCfg = Debug
		{F4179CA1-BC21-4994-A870-628CAC1118F2}.Release|Any CPU.ActiveCfg = Release
	EndGlobalSection
	GlobalSection(SolutionProperties) = preSolution
		HideSolutionNode = FALSE
	EndGlobalSection
	GlobalSection(ExtensibilityGlobals) = postSolution
		SolutionGuid = {2A54D588-ABEE-40F7-9235-A6A9722D5CFD}
	EndGlobalSection
EndGlobal
